
Microsoft Visual Studio Solution File, Format Version 12.00
# Visual Studio 15
VisualStudioVersion = 15.0.25928.0
MinimumVisualStudioVersion = 10.0.40219.1
Project("{FAE04EC0-301F-11D3-BF4B-00C04F79EFBC}") = "NepoGUI", "NepoGUI\NepoGUI.csproj", "{0182B30F-11B1-4503-8D66-BC851300BEEC}"
EndProject
Project("{FAE04EC0-301F-11D3-BF4B-00C04F79EFBC}") = "NepoMediator", "NepoMediator\NepoMediator.csproj", "{E84B714A-6792-4C33-AEA2-AA2B279B2F90}"
EndProject
Project("{2150E333-8FDC-42A3-9474-1A3956D46DE8}") = "Solution Items", "Solution Items", "{90E8E083-D92D-4902-92A0-5328AA7229BE}"
	ProjectSection(SolutionItems) = preProject
		..\Doc\Structure.vsdx = ..\Doc\Structure.vsdx
	EndProjectSection
EndProject
Global
	GlobalSection(SolutionConfigurationPlatforms) = preSolution
		Debug|Any CPU = Debug|Any CPU
		Release|Any CPU = Release|Any CPU
	EndGlobalSection
	GlobalSection(ProjectConfigurationPlatforms) = postSolution
		{0182B30F-11B1-4503-8D66-BC851300BEEC}.Debug|Any CPU.ActiveCfg = Debug|Any CPU
		{0182B30F-11B1-4503-8D66-BC851300BEEC}.Debug|Any CPU.Build.0 = Debug|Any CPU
		{0182B30F-11B1-4503-8D66-BC851300BEEC}.Release|Any CPU.ActiveCfg = Release|Any CPU
		{0182B30F-11B1-4503-8D66-BC851300BEEC}.Release|Any CPU.Build.0 = Release|Any CPU
		{E84B714A-6792-4C33-AEA2-AA2B279B2F90}.Debug|Any CPU.ActiveCfg = Debug|Any CPU
		{E84B714A-6792-4C33-AEA2-AA2B279B2F90}.Debug|Any CPU.Build.0 = Debug|Any CPU
		{E84B714A-6792-4C33-AEA2-AA2B279B2F90}.Release|Any CPU.ActiveCfg = Release|Any CPU
		{E84B714A-6792-4C33-AEA2-AA2B279B2F90}.Release|Any CPU.Build.0 = Release|Any CPU
	EndGlobalSection
	GlobalSection(SolutionProperties) = preSolution
		HideSolutionNode = FALSE
	EndGlobalSection
EndGlobal
